
Microsoft Visual Studio Solution File, Format Version 12.00
# Visual Studio Version 17
VisualStudioVersion = 17.11.35222.181
MinimumVisualStudioVersion = 10.0.40219.1
Project("{9A19103F-16F7-4668-BE54-9A1E7A4F7556}") = "HelpPlatform.Core", "HelpPlatform\src\HelpPlatform.Core\HelpPlatform.Core.csproj", "{908BD6AB-8D3C-4BD2-B5B5-F274561DE67F}"
EndProject
Project("{9A19103F-16F7-4668-BE54-9A1E7A4F7556}") = "HelpPlatform.Infrastructure", "HelpPlatform\src\HelpPlatform.Infrastructure\HelpPlatform.Infrastructure.csproj", "{4E037B2A-C9BE-4521-A1CA-C327CCF6FC81}"
EndProject
Project("{9A19103F-16F7-4668-BE54-9A1E7A4F7556}") = "HelpPlatform.UseCases", "HelpPlatform\src\HelpPlatform.UseCases\HelpPlatform.UseCases.csproj", "{2A3DD94B-730E-4351-B81D-5EC7C941133E}"
EndProject
Project("{9A19103F-16F7-4668-BE54-9A1E7A4F7556}") = "HelpPlatform.Web", "HelpPlatform\src\HelpPlatform.Web\HelpPlatform.Web.csproj", "{ADC70054-BF91-481E-ADDB-0C60CA5C627A}"
EndProject
Project("{9A19103F-16F7-4668-BE54-9A1E7A4F7556}") = "HelpPlatform.FunctionalTests", "HelpPlatform\tests\HelpPlatform.FunctionalTests\HelpPlatform.FunctionalTests.csproj", "{CAA06B4D-A7CB-493B-90F5-9C7D59DD4AFB}"
EndProject
Project("{9A19103F-16F7-4668-BE54-9A1E7A4F7556}") = "HelpPlatform.IntegrationTests", "HelpPlatform\tests\HelpPlatform.IntegrationTests\HelpPlatform.IntegrationTests.csproj", "{9CA15692-9C2A-4E7F-9F44-6972D3CA9779}"
EndProject
Project("{9A19103F-16F7-4668-BE54-9A1E7A4F7556}") = "HelpPlatform.UnitTests", "HelpPlatform\tests\HelpPlatform.UnitTests\HelpPlatform.UnitTests.csproj", "{04FD6206-CF83-4055-A922-3DE5D11E5D12}"
EndProject
Global
	GlobalSection(SolutionConfigurationPlatforms) = preSolution
		Debug|Any CPU = Debug|Any CPU
		Release|Any CPU = Release|Any CPU
	EndGlobalSection
	GlobalSection(ProjectConfigurationPlatforms) = postSolution
		{908BD6AB-8D3C-4BD2-B5B5-F274561DE67F}.Debug|Any CPU.ActiveCfg = Debug|Any CPU
		{908BD6AB-8D3C-4BD2-B5B5-F274561DE67F}.Debug|Any CPU.Build.0 = Debug|Any CPU
		{908BD6AB-8D3C-4BD2-B5B5-F274561DE67F}.Release|Any CPU.ActiveCfg = Release|Any CPU
		{908BD6AB-8D3C-4BD2-B5B5-F274561DE67F}.Release|Any CPU.Build.0 = Release|Any CPU
		{4E037B2A-C9BE-4521-A1CA-C327CCF6FC81}.Debug|Any CPU.ActiveCfg = Debug|Any CPU
		{4E037B2A-C9BE-4521-A1CA-C327CCF6FC81}.Debug|Any CPU.Build.0 = Debug|Any CPU
		{4E037B2A-C9BE-4521-A1CA-C327CCF6FC81}.Release|Any CPU.ActiveCfg = Release|Any CPU
		{4E037B2A-C9BE-4521-A1CA-C327CCF6FC81}.Release|Any CPU.Build.0 = Release|Any CPU
		{2A3DD94B-730E-4351-B81D-5EC7C941133E}.Debug|Any CPU.ActiveCfg = Debug|Any CPU
		{2A3DD94B-730E-4351-B81D-5EC7C941133E}.Debug|Any CPU.Build.0 = Debug|Any CPU
		{2A3DD94B-730E-4351-B81D-5EC7C941133E}.Release|Any CPU.ActiveCfg = Release|Any CPU
		{2A3DD94B-730E-4351-B81D-5EC7C941133E}.Release|Any CPU.Build.0 = Release|Any CPU
		{ADC70054-BF91-481E-ADDB-0C60CA5C627A}.Debug|Any CPU.ActiveCfg = Debug|Any CPU
		{ADC70054-BF91-481E-ADDB-0C60CA5C627A}.Debug|Any CPU.Build.0 = Debug|Any CPU
		{ADC70054-BF91-481E-ADDB-0C60CA5C627A}.Release|Any CPU.ActiveCfg = Release|Any CPU
		{ADC70054-BF91-481E-ADDB-0C60CA5C627A}.Release|Any CPU.Build.0 = Release|Any CPU
		{CAA06B4D-A7CB-493B-90F5-9C7D59DD4AFB}.Debug|Any CPU.ActiveCfg = Debug|Any CPU
		{CAA06B4D-A7CB-493B-90F5-9C7D59DD4AFB}.Debug|Any CPU.Build.0 = Debug|Any CPU
		{CAA06B4D-A7CB-493B-90F5-9C7D59DD4AFB}.Release|Any CPU.ActiveCfg = Release|Any CPU
		{CAA06B4D-A7CB-493B-90F5-9C7D59DD4AFB}.Release|Any CPU.Build.0 = Release|Any CPU
		{9CA15692-9C2A-4E7F-9F44-6972D3CA9779}.Debug|Any CPU.ActiveCfg = Debug|Any CPU
		{9CA15692-9C2A-4E7F-9F44-6972D3CA9779}.Debug|Any CPU.Build.0 = Debug|Any CPU
		{9CA15692-9C2A-4E7F-9F44-6972D3CA9779}.Release|Any CPU.ActiveCfg = Release|Any CPU
		{9CA15692-9C2A-4E7F-9F44-6972D3CA9779}.Release|Any CPU.Build.0 = Release|Any CPU
		{04FD6206-CF83-4055-A922-3DE5D11E5D12}.Debug|Any CPU.ActiveCfg = Debug|Any CPU
		{04FD6206-CF83-4055-A922-3DE5D11E5D12}.Debug|Any CPU.Build.0 = Debug|Any CPU
		{04FD6206-CF83-4055-A922-3DE5D11E5D12}.Release|Any CPU.ActiveCfg = Release|Any CPU
		{04FD6206-CF83-4055-A922-3DE5D11E5D12}.Release|Any CPU.Build.0 = Release|Any CPU
	EndGlobalSection
	GlobalSection(SolutionProperties) = preSolution
		HideSolutionNode = FALSE
	EndGlobalSection
	GlobalSection(ExtensibilityGlobals) = postSolution
		SolutionGuid = {FEAE9032-0994-4E95-8AC4-90FDFF9B8BEF}
	EndGlobalSection
EndGlobal
